
Microsoft Visual Studio Solution File, Format Version 12.00
Project("{FAE04EC0-301F-11D3-BF4B-00C04F79EFBC}") = "JobTrackingApp.BusinessLogic", "JobTrackingApp.BusinessLogic\JobTrackingApp.BusinessLogic.csproj", "{C18E3919-3A12-45FE-8D18-052002C8DAC5}"
EndProject
Project("{FAE04EC0-301F-11D3-BF4B-00C04F79EFBC}") = "JobTrackingApp.DataAccess", "JobTrackingApp.DataAccess\JobTrackingApp.DataAccess.csproj", "{728F5D27-71E4-4D8D-8520-64D46FFF6F9C}"
EndProject
Project("{FAE04EC0-301F-11D3-BF4B-00C04F79EFBC}") = "JobTrackingApp.Entities", "JobTrackingApp.Entities\JobTrackingApp.Entities.csproj", "{8F67C227-FCC8-4764-951C-B879936A8C15}"
EndProject
Project("{FAE04EC0-301F-11D3-BF4B-00C04F79EFBC}") = "JobTrackingApp.WebUI", "JobTrackingApp.WebUI\JobTrackingApp.WebUI.csproj", "{7CCDF90B-10A5-41F7-AF29-76F312739CB3}"
EndProject
Global
	GlobalSection(SolutionConfigurationPlatforms) = preSolution
		Debug|Any CPU = Debug|Any CPU
		Release|Any CPU = Release|Any CPU
	EndGlobalSection
	GlobalSection(ProjectConfigurationPlatforms) = postSolution
		{C18E3919-3A12-45FE-8D18-052002C8DAC5}.Debug|Any CPU.ActiveCfg = Debug|Any CPU
		{C18E3919-3A12-45FE-8D18-052002C8DAC5}.Debug|Any CPU.Build.0 = Debug|Any CPU
		{C18E3919-3A12-45FE-8D18-052002C8DAC5}.Release|Any CPU.ActiveCfg = Release|Any CPU
		{C18E3919-3A12-45FE-8D18-052002C8DAC5}.Release|Any CPU.Build.0 = Release|Any CPU
		{728F5D27-71E4-4D8D-8520-64D46FFF6F9C}.Debug|Any CPU.ActiveCfg = Debug|Any CPU
		{728F5D27-71E4-4D8D-8520-64D46FFF6F9C}.Debug|Any CPU.Build.0 = Debug|Any CPU
		{728F5D27-71E4-4D8D-8520-64D46FFF6F9C}.Release|Any CPU.ActiveCfg = Release|Any CPU
		{728F5D27-71E4-4D8D-8520-64D46FFF6F9C}.Release|Any CPU.Build.0 = Release|Any CPU
		{8F67C227-FCC8-4764-951C-B879936A8C15}.Debug|Any CPU.ActiveCfg = Debug|Any CPU
		{8F67C227-FCC8-4764-951C-B879936A8C15}.Debug|Any CPU.Build.0 = Debug|Any CPU
		{8F67C227-FCC8-4764-951C-B879936A8C15}.Release|Any CPU.ActiveCfg = Release|Any CPU
		{8F67C227-FCC8-4764-951C-B879936A8C15}.Release|Any CPU.Build.0 = Release|Any CPU
		{7CCDF90B-10A5-41F7-AF29-76F312739CB3}.Debug|Any CPU.ActiveCfg = Debug|Any CPU
		{7CCDF90B-10A5-41F7-AF29-76F312739CB3}.Debug|Any CPU.Build.0 = Debug|Any CPU
		{7CCDF90B-10A5-41F7-AF29-76F312739CB3}.Release|Any CPU.ActiveCfg = Release|Any CPU
		{7CCDF90B-10A5-41F7-AF29-76F312739CB3}.Release|Any CPU.Build.0 = Release|Any CPU
	EndGlobalSection
EndGlobal
